
Microsoft Visual Studio Solution File, Format Version 12.00
# Visual Studio Version 17
VisualStudioVersion = 17.13.35931.197 d17.13
MinimumVisualStudioVersion = 10.0.40219.1
Project("{8BC9CEB8-8B4A-11D0-8D11-00A0C91BC942}") = "TindRenderShading", "TindRenderShading.vcxproj", "{B575D1F8-85F0-4212-8025-59CAFD9E2DD9}"
EndProject
Global
	GlobalSection(SolutionConfigurationPlatforms) = preSolution
		Debug|x64 = Debug|x64
		Debug|x86 = Debug|x86
		Release|x64 = Release|x64
		Release|x86 = Release|x86
	EndGlobalSection
	GlobalSection(ProjectConfigurationPlatforms) = postSolution
		{B575D1F8-85F0-4212-8025-59CAFD9E2DD9}.Debug|x64.ActiveCfg = Debug|x64
		{B575D1F8-85F0-4212-8025-59CAFD9E2DD9}.Debug|x64.Build.0 = Debug|x64
		{B575D1F8-85F0-4212-8025-59CAFD9E2DD9}.Debug|x86.ActiveCfg = Debug|Win32
		{B575D1F8-85F0-4212-8025-59CAFD9E2DD9}.Debug|x86.Build.0 = Debug|Win32
		{B575D1F8-85F0-4212-8025-59CAFD9E2DD9}.Release|x64.ActiveCfg = Release|x64
		{B575D1F8-85F0-4212-8025-59CAFD9E2DD9}.Release|x64.Build.0 = Release|x64
		{B575D1F8-85F0-4212-8025-59CAFD9E2DD9}.Release|x86.ActiveCfg = Release|Win32
		{B575D1F8-85F0-4212-8025-59CAFD9E2DD9}.Release|x86.Build.0 = Release|Win32
	EndGlobalSection
	GlobalSection(SolutionProperties) = preSolution
		HideSolutionNode = FALSE
	EndGlobalSection
	GlobalSection(ExtensibilityGlobals) = postSolution
		SolutionGuid = {C608065F-6659-46A9-8DAB-4DB0E435A79B}
	EndGlobalSection
EndGlobal
